
Microsoft Visual Studio Solution File, Format Version 12.00
# Visual Studio 15
VisualStudioVersion = 15.0.27130.2010
MinimumVisualStudioVersion = 10.0.40219.1
Project("{FAE04EC0-301F-11D3-BF4B-00C04F79EFBC}") = "MatrixMult", "MatrixMult\MatrixMult.csproj", "{3878FDD0-3757-4FE2-8D9E-0DACB6E0152E}"
EndProject
Global
	GlobalSection(SolutionConfigurationPlatforms) = preSolution
		Debug|Any CPU = Debug|Any CPU
		Release|Any CPU = Release|Any CPU
	EndGlobalSection
	GlobalSection(ProjectConfigurationPlatforms) = postSolution
		{3878FDD0-3757-4FE2-8D9E-0DACB6E0152E}.Debug|Any CPU.ActiveCfg = Debug|Any CPU
		{3878FDD0-3757-4FE2-8D9E-0DACB6E0152E}.Debug|Any CPU.Build.0 = Debug|Any CPU
		{3878FDD0-3757-4FE2-8D9E-0DACB6E0152E}.Release|Any CPU.ActiveCfg = Release|Any CPU
		{3878FDD0-3757-4FE2-8D9E-0DACB6E0152E}.Release|Any CPU.Build.0 = Release|Any CPU
	EndGlobalSection
	GlobalSection(SolutionProperties) = preSolution
		HideSolutionNode = FALSE
	EndGlobalSection
	GlobalSection(ExtensibilityGlobals) = postSolution
		SolutionGuid = {91440841-464B-40F6-AE76-3ED218803A7F}
	EndGlobalSection
EndGlobal
